
Microsoft Visual Studio Solution File, Format Version 12.00
# Visual Studio Version 16
VisualStudioVersion = 16.0.32428.217
MinimumVisualStudioVersion = 10.0.40219.1
Project("{FAE04EC0-301F-11D3-BF4B-00C04F79EFBC}") = "day21_02", "day21_02\day21_02.csproj", "{9E1510BE-C2C6-4972-999D-D496729670AA}"
EndProject
Global
	GlobalSection(SolutionConfigurationPlatforms) = preSolution
		Debug|Any CPU = Debug|Any CPU
		Release|Any CPU = Release|Any CPU
	EndGlobalSection
	GlobalSection(ProjectConfigurationPlatforms) = postSolution
		{9E1510BE-C2C6-4972-999D-D496729670AA}.Debug|Any CPU.ActiveCfg = Debug|Any CPU
		{9E1510BE-C2C6-4972-999D-D496729670AA}.Debug|Any CPU.Build.0 = Debug|Any CPU
		{9E1510BE-C2C6-4972-999D-D496729670AA}.Release|Any CPU.ActiveCfg = Release|Any CPU
		{9E1510BE-C2C6-4972-999D-D496729670AA}.Release|Any CPU.Build.0 = Release|Any CPU
	EndGlobalSection
	GlobalSection(SolutionProperties) = preSolution
		HideSolutionNode = FALSE
	EndGlobalSection
	GlobalSection(ExtensibilityGlobals) = postSolution
		SolutionGuid = {A80C1FFF-A8F0-4EB6-86C8-9FCABAA5FFD6}
	EndGlobalSection
EndGlobal
